
Microsoft Visual Studio Solution File, Format Version 12.00
# Visual Studio Version 17
VisualStudioVersion = 17.5.33502.453
MinimumVisualStudioVersion = 10.0.40219.1
Project("{FAE04EC0-301F-11D3-BF4B-00C04F79EFBC}") = "AngularAuthAPI", "AngularAuthAPI\AngularAuthAPI.csproj", "{7CACF04C-A9ED-4CC7-9E01-8C2144328777}"
EndProject
Global
	GlobalSection(SolutionConfigurationPlatforms) = preSolution
		Debug|Any CPU = Debug|Any CPU
		Release|Any CPU = Release|Any CPU
	EndGlobalSection
	GlobalSection(ProjectConfigurationPlatforms) = postSolution
		{7CACF04C-A9ED-4CC7-9E01-8C2144328777}.Debug|Any CPU.ActiveCfg = Debug|Any CPU
		{7CACF04C-A9ED-4CC7-9E01-8C2144328777}.Debug|Any CPU.Build.0 = Debug|Any CPU
		{7CACF04C-A9ED-4CC7-9E01-8C2144328777}.Release|Any CPU.ActiveCfg = Release|Any CPU
		{7CACF04C-A9ED-4CC7-9E01-8C2144328777}.Release|Any CPU.Build.0 = Release|Any CPU
	EndGlobalSection
	GlobalSection(SolutionProperties) = preSolution
		HideSolutionNode = FALSE
	EndGlobalSection
	GlobalSection(ExtensibilityGlobals) = postSolution
		SolutionGuid = {D55F0959-0FF5-40C6-B60A-CDF08832C5DE}
	EndGlobalSection
EndGlobal
